
Microsoft Visual Studio Solution File, Format Version 12.00
# Visual Studio Version 18
VisualStudioVersion = 18.0.11123.170
MinimumVisualStudioVersion = 10.0.40219.1
Project("{FAE04EC0-301F-11D3-BF4B-00C04F79EFBC}") = "HoneyDrunk.Standards", "HoneyDrunk.Standards\HoneyDrunk.Standards.csproj", "{DBFD3569-1BA4-4797-9636-68DA137F78FC}"
EndProject
Project("{FAE04EC0-301F-11D3-BF4B-00C04F79EFBC}") = "Consumer.Sample", "Consumer.Sample\Consumer.Sample.csproj", "{4BEDEBF9-4DC7-482C-B504-E5D82E975EEC}"
EndProject
Global
	GlobalSection(SolutionConfigurationPlatforms) = preSolution
		Debug|Any CPU = Debug|Any CPU
		Debug|x64 = Debug|x64
		Debug|x86 = Debug|x86
		Release|Any CPU = Release|Any CPU
		Release|x64 = Release|x64
		Release|x86 = Release|x86
	EndGlobalSection
	GlobalSection(ProjectConfigurationPlatforms) = postSolution
		{DBFD3569-1BA4-4797-9636-68DA137F78FC}.Debug|Any CPU.ActiveCfg = Debug|Any CPU
		{DBFD3569-1BA4-4797-9636-68DA137F78FC}.Debug|Any CPU.Build.0 = Debug|Any CPU
		{DBFD3569-1BA4-4797-9636-68DA137F78FC}.Debug|x64.ActiveCfg = Debug|Any CPU
		{DBFD3569-1BA4-4797-9636-68DA137F78FC}.Debug|x64.Build.0 = Debug|Any CPU
		{DBFD3569-1BA4-4797-9636-68DA137F78FC}.Debug|x86.ActiveCfg = Debug|Any CPU
		{DBFD3569-1BA4-4797-9636-68DA137F78FC}.Debug|x86.Build.0 = Debug|Any CPU
		{DBFD3569-1BA4-4797-9636-68DA137F78FC}.Release|Any CPU.ActiveCfg = Release|Any CPU
		{DBFD3569-1BA4-4797-9636-68DA137F78FC}.Release|Any CPU.Build.0 = Release|Any CPU
		{DBFD3569-1BA4-4797-9636-68DA137F78FC}.Release|x64.ActiveCfg = Release|Any CPU
		{DBFD3569-1BA4-4797-9636-68DA137F78FC}.Release|x64.Build.0 = Release|Any CPU
		{DBFD3569-1BA4-4797-9636-68DA137F78FC}.Release|x86.ActiveCfg = Release|Any CPU
		{DBFD3569-1BA4-4797-9636-68DA137F78FC}.Release|x86.Build.0 = Release|Any CPU
		{4BEDEBF9-4DC7-482C-B504-E5D82E975EEC}.Debug|Any CPU.ActiveCfg = Debug|Any CPU
		{4BEDEBF9-4DC7-482C-B504-E5D82E975EEC}.Debug|Any CPU.Build.0 = Debug|Any CPU
		{4BEDEBF9-4DC7-482C-B504-E5D82E975EEC}.Debug|x64.ActiveCfg = Debug|Any CPU
		{4BEDEBF9-4DC7-482C-B504-E5D82E975EEC}.Debug|x64.Build.0 = Debug|Any CPU
		{4BEDEBF9-4DC7-482C-B504-E5D82E975EEC}.Debug|x86.ActiveCfg = Debug|Any CPU
		{4BEDEBF9-4DC7-482C-B504-E5D82E975EEC}.Debug|x86.Build.0 = Debug|Any CPU
		{4BEDEBF9-4DC7-482C-B504-E5D82E975EEC}.Release|Any CPU.ActiveCfg = Release|Any CPU
		{4BEDEBF9-4DC7-482C-B504-E5D82E975EEC}.Release|Any CPU.Build.0 = Release|Any CPU
		{4BEDEBF9-4DC7-482C-B504-E5D82E975EEC}.Release|x64.ActiveCfg = Release|Any CPU
		{4BEDEBF9-4DC7-482C-B504-E5D82E975EEC}.Release|x64.Build.0 = Release|Any CPU
		{4BEDEBF9-4DC7-482C-B504-E5D82E975EEC}.Release|x86.ActiveCfg = Release|Any CPU
		{4BEDEBF9-4DC7-482C-B504-E5D82E975EEC}.Release|x86.Build.0 = Release|Any CPU
	EndGlobalSection
	GlobalSection(SolutionProperties) = preSolution
		HideSolutionNode = FALSE
	EndGlobalSection
	GlobalSection(ExtensibilityGlobals) = postSolution
		SolutionGuid = {AA6D5BE0-4DF0-4775-B6D9-23CC9D537F95}
	EndGlobalSection
EndGlobal
